
Microsoft Visual Studio Solution File, Format Version 12.00
# Visual Studio Version 17
VisualStudioVersion = 17.1.32328.378
MinimumVisualStudioVersion = 10.0.40219.1
Project("{FAE04EC0-301F-11D3-BF4B-00C04F79EFBC}") = "Macdonalds Try", "Macdonalds Try\Macdonalds Try.csproj", "{3C39ED57-D24F-4A1B-A90C-0F1A8F26B6E3}"
EndProject
Global
	GlobalSection(SolutionConfigurationPlatforms) = preSolution
		Debug|Any CPU = Debug|Any CPU
		Release|Any CPU = Release|Any CPU
	EndGlobalSection
	GlobalSection(ProjectConfigurationPlatforms) = postSolution
		{3C39ED57-D24F-4A1B-A90C-0F1A8F26B6E3}.Debug|Any CPU.ActiveCfg = Debug|Any CPU
		{3C39ED57-D24F-4A1B-A90C-0F1A8F26B6E3}.Debug|Any CPU.Build.0 = Debug|Any CPU
		{3C39ED57-D24F-4A1B-A90C-0F1A8F26B6E3}.Release|Any CPU.ActiveCfg = Release|Any CPU
		{3C39ED57-D24F-4A1B-A90C-0F1A8F26B6E3}.Release|Any CPU.Build.0 = Release|Any CPU
	EndGlobalSection
	GlobalSection(SolutionProperties) = preSolution
		HideSolutionNode = FALSE
	EndGlobalSection
	GlobalSection(ExtensibilityGlobals) = postSolution
		SolutionGuid = {551C6AF1-C995-409A-A7BD-400AEC9C1783}
	EndGlobalSection
EndGlobal
